
Microsoft Visual Studio Solution File, Format Version 12.00
Project("{FAE04EC0-301F-11D3-BF4B-00C04F79EFBC}") = "Api", "Api\Api.csproj", "{74264B38-188B-49F6-B586-4CEAC0767250}"
EndProject
Global
	GlobalSection(SolutionConfigurationPlatforms) = preSolution
		Debug|Any CPU = Debug|Any CPU
		Release|Any CPU = Release|Any CPU
	EndGlobalSection
	GlobalSection(ProjectConfigurationPlatforms) = postSolution
		{74264B38-188B-49F6-B586-4CEAC0767250}.Debug|Any CPU.ActiveCfg = Debug|Any CPU
		{74264B38-188B-49F6-B586-4CEAC0767250}.Debug|Any CPU.Build.0 = Debug|Any CPU
		{74264B38-188B-49F6-B586-4CEAC0767250}.Release|Any CPU.ActiveCfg = Release|Any CPU
		{74264B38-188B-49F6-B586-4CEAC0767250}.Release|Any CPU.Build.0 = Release|Any CPU
	EndGlobalSection
EndGlobal
